
Microsoft Visual Studio Solution File, Format Version 12.00
# Visual Studio 15
VisualStudioVersion = 15.0.28010.2046
MinimumVisualStudioVersion = 10.0.40219.1
Project("{FAE04EC0-301F-11D3-BF4B-00C04F79EFBC}") = "ConsoleApp2", "ConsoleApp2\ConsoleApp2.csproj", "{BAC96D46-96CE-4C12-978C-301EA9194E9B}"
EndProject
Global
	GlobalSection(SolutionConfigurationPlatforms) = preSolution
		Debug|Any CPU = Debug|Any CPU
		Release|Any CPU = Release|Any CPU
	EndGlobalSection
	GlobalSection(ProjectConfigurationPlatforms) = postSolution
		{BAC96D46-96CE-4C12-978C-301EA9194E9B}.Debug|Any CPU.ActiveCfg = Debug|Any CPU
		{BAC96D46-96CE-4C12-978C-301EA9194E9B}.Debug|Any CPU.Build.0 = Debug|Any CPU
		{BAC96D46-96CE-4C12-978C-301EA9194E9B}.Release|Any CPU.ActiveCfg = Release|Any CPU
		{BAC96D46-96CE-4C12-978C-301EA9194E9B}.Release|Any CPU.Build.0 = Release|Any CPU
	EndGlobalSection
	GlobalSection(SolutionProperties) = preSolution
		HideSolutionNode = FALSE
	EndGlobalSection
	GlobalSection(ExtensibilityGlobals) = postSolution
		SolutionGuid = {E087A6DE-1374-4B92-9601-43998C4E21C6}
	EndGlobalSection
EndGlobal
